<?xml version="1.0" encoding="utf-8"?>
<Project ToolsVersion="4.0" xmlns="http://schemas.microsoft.com/developer/msbuild/2003">
  <ItemGroup>
    <Filter Include="asprintf">
      <UniqueIdentifier>{039efbdc-d21b-49c4-9e6f-5f1ed6364600}</UniqueIdentifier>
    </Filter>
  </ItemGroup>
  <ItemGroup>
    <ClCompile Include="..\Logger\asprintf\asprintf.c">
      <Filter>asprintf</Filter>
    </ClCompile>
    <ClCompile Include="..\Logger\asprintf\test.c">
      <Filter>asprintf</Filter>
    </ClCompile>
    <ClCompile Include="..\Logger\asprintf\vasprintf-c99.c">
      <Filter>asprintf</Filter>
    </ClCompile>
    <ClCompile Include="..\Logger\asprintf\vasprintf-c99-loop.c">
      <Filter>asprintf</Filter>
    </ClCompile>
    <ClCompile Include="..\Logger\asprintf\vasprintf-msvc.c">
      <Filter>asprintf</Filter>
    </ClCompile>
    <ClCompile Include="..\Logger\asprintf\vasprintf-msvc-nofuture.c">
      <Filter>asprintf</Filter>
    </ClCompile>
    <ClCompile Include="..\Logger\asprintf\vasprintf-novacopy.c">
      <Filter>asprintf</Filter>
    </ClCompile>
  </ItemGroup>
  <ItemGroup>
    <ClInclude Include="..\Logger\asprintf\asprintf.h">
      <Filter>asprintf</Filter>
    </ClInclude>
  </ItemGroup>
</Project>